# THIS IS AN AUTOGENERATED FILE. DO NOT EDIT THIS FILE DIRECTLY.
# yarn lockfile v1


jquery@x.*:
  version "3.3.1"
  resolved "https://registry.yarnpkg.com/jquery/-/jquery-3.3.1.tgz#958ce29e81c9790f31be7792df5d4d95fc57fbca"

semantic-ui-css@^2.2.14:
  version "2.2.14"
  resolved "https://registry.yarnpkg.com/semantic-ui-css/-/semantic-ui-css-2.2.14.tgz#1888c386c74e5c0abfa00508a94940e93a55465b"
  dependencies:
    jquery x.*
